
Microsoft Visual Studio Solution File, Format Version 12.00
# Visual Studio 14
VisualStudioVersion = 14.0.25420.1
MinimumVisualStudioVersion = 10.0.40219.1
Project("{2150E333-8FDC-42A3-9474-1A3956D46DE8}") = "src", "src", "{C3971244-E06D-458A-A92F-A534F94497A2}"
EndProject
Project("{2150E333-8FDC-42A3-9474-1A3956D46DE8}") = "Solution Items", "Solution Items", "{5D433703-5F54-43CF-9DAE-A73E7E0D9563}"
	ProjectSection(SolutionItems) = preProject
		.gitignore = .gitignore
		build.cake = build.cake
		build.ps1 = build.ps1
		build.sh = build.sh
		global.json = global.json
		LICENSE.md = LICENSE.md
		README.md = README.md
	EndProjectSection
EndProject
Project("{8BB2217D-0F2D-49D1-97BC-3654ED321F3B}") = "AnyBar", "src\AnyBar\AnyBar.xproj", "{C7CC805F-C350-49B0-AF5F-3620EE56BB69}"
EndProject
Project("{8BB2217D-0F2D-49D1-97BC-3654ED321F3B}") = "AnyBar.CLI", "src\AnyBar.CLI\AnyBar.CLI.xproj", "{30AB0702-B62D-4555-BD19-9463CBF85B0F}"
EndProject
Project("{2150E333-8FDC-42A3-9474-1A3956D46DE8}") = "tests", "tests", "{F49B67B0-9E7F-4147-808B-5C92E651ADED}"
EndProject
Project("{8BB2217D-0F2D-49D1-97BC-3654ED321F3B}") = "AnyBar.Tests", "tests\AnyBar.Tests\AnyBar.Tests.xproj", "{E660FDEE-9066-47F5-BFF3-7709AD8F9D2F}"
EndProject
Global
	GlobalSection(SolutionConfigurationPlatforms) = preSolution
		Debug|Any CPU = Debug|Any CPU
		Release|Any CPU = Release|Any CPU
	EndGlobalSection
	GlobalSection(ProjectConfigurationPlatforms) = postSolution
		{C7CC805F-C350-49B0-AF5F-3620EE56BB69}.Debug|Any CPU.ActiveCfg = Debug|Any CPU
		{C7CC805F-C350-49B0-AF5F-3620EE56BB69}.Debug|Any CPU.Build.0 = Debug|Any CPU
		{C7CC805F-C350-49B0-AF5F-3620EE56BB69}.Release|Any CPU.ActiveCfg = Release|Any CPU
		{C7CC805F-C350-49B0-AF5F-3620EE56BB69}.Release|Any CPU.Build.0 = Release|Any CPU
		{30AB0702-B62D-4555-BD19-9463CBF85B0F}.Debug|Any CPU.ActiveCfg = Debug|Any CPU
		{30AB0702-B62D-4555-BD19-9463CBF85B0F}.Debug|Any CPU.Build.0 = Debug|Any CPU
		{30AB0702-B62D-4555-BD19-9463CBF85B0F}.Release|Any CPU.ActiveCfg = Release|Any CPU
		{30AB0702-B62D-4555-BD19-9463CBF85B0F}.Release|Any CPU.Build.0 = Release|Any CPU
		{E660FDEE-9066-47F5-BFF3-7709AD8F9D2F}.Debug|Any CPU.ActiveCfg = Debug|Any CPU
		{E660FDEE-9066-47F5-BFF3-7709AD8F9D2F}.Debug|Any CPU.Build.0 = Debug|Any CPU
		{E660FDEE-9066-47F5-BFF3-7709AD8F9D2F}.Release|Any CPU.ActiveCfg = Release|Any CPU
		{E660FDEE-9066-47F5-BFF3-7709AD8F9D2F}.Release|Any CPU.Build.0 = Release|Any CPU
	EndGlobalSection
	GlobalSection(SolutionProperties) = preSolution
		HideSolutionNode = FALSE
	EndGlobalSection
	GlobalSection(NestedProjects) = preSolution
		{C7CC805F-C350-49B0-AF5F-3620EE56BB69} = {C3971244-E06D-458A-A92F-A534F94497A2}
		{30AB0702-B62D-4555-BD19-9463CBF85B0F} = {C3971244-E06D-458A-A92F-A534F94497A2}
		{E660FDEE-9066-47F5-BFF3-7709AD8F9D2F} = {F49B67B0-9E7F-4147-808B-5C92E651ADED}
	EndGlobalSection
EndGlobal
